
Microsoft Visual Studio Solution File, Format Version 12.00
# Visual Studio 15
VisualStudioVersion = 15.0.26124.0
MinimumVisualStudioVersion = 15.0.26124.0
Project("{FAE04EC0-301F-11D3-BF4B-00C04F79EFBC}") = "mvc", "mvc\mvc.csproj", "{A8087ECD-C13B-47F7-9A46-8D6DA5AE5997}"
EndProject
Project("{FAE04EC0-301F-11D3-BF4B-00C04F79EFBC}") = "tests", "tests\tests.csproj", "{0CF36124-301B-4340-8103-115D75334B6B}"
EndProject
Global
	GlobalSection(SolutionConfigurationPlatforms) = preSolution
		Debug|Any CPU = Debug|Any CPU
		Debug|x64 = Debug|x64
		Debug|x86 = Debug|x86
		Release|Any CPU = Release|Any CPU
		Release|x64 = Release|x64
		Release|x86 = Release|x86
	EndGlobalSection
	GlobalSection(SolutionProperties) = preSolution
		HideSolutionNode = FALSE
	EndGlobalSection
	GlobalSection(ProjectConfigurationPlatforms) = postSolution
		{A8087ECD-C13B-47F7-9A46-8D6DA5AE5997}.Debug|Any CPU.ActiveCfg = Debug|Any CPU
		{A8087ECD-C13B-47F7-9A46-8D6DA5AE5997}.Debug|Any CPU.Build.0 = Debug|Any CPU
		{A8087ECD-C13B-47F7-9A46-8D6DA5AE5997}.Debug|x64.ActiveCfg = Debug|Any CPU
		{A8087ECD-C13B-47F7-9A46-8D6DA5AE5997}.Debug|x64.Build.0 = Debug|Any CPU
		{A8087ECD-C13B-47F7-9A46-8D6DA5AE5997}.Debug|x86.ActiveCfg = Debug|Any CPU
		{A8087ECD-C13B-47F7-9A46-8D6DA5AE5997}.Debug|x86.Build.0 = Debug|Any CPU
		{A8087ECD-C13B-47F7-9A46-8D6DA5AE5997}.Release|Any CPU.ActiveCfg = Release|Any CPU
		{A8087ECD-C13B-47F7-9A46-8D6DA5AE5997}.Release|Any CPU.Build.0 = Release|Any CPU
		{A8087ECD-C13B-47F7-9A46-8D6DA5AE5997}.Release|x64.ActiveCfg = Release|Any CPU
		{A8087ECD-C13B-47F7-9A46-8D6DA5AE5997}.Release|x64.Build.0 = Release|Any CPU
		{A8087ECD-C13B-47F7-9A46-8D6DA5AE5997}.Release|x86.ActiveCfg = Release|Any CPU
		{A8087ECD-C13B-47F7-9A46-8D6DA5AE5997}.Release|x86.Build.0 = Release|Any CPU
		{0CF36124-301B-4340-8103-115D75334B6B}.Debug|Any CPU.ActiveCfg = Debug|Any CPU
		{0CF36124-301B-4340-8103-115D75334B6B}.Debug|Any CPU.Build.0 = Debug|Any CPU
		{0CF36124-301B-4340-8103-115D75334B6B}.Debug|x64.ActiveCfg = Debug|Any CPU
		{0CF36124-301B-4340-8103-115D75334B6B}.Debug|x64.Build.0 = Debug|Any CPU
		{0CF36124-301B-4340-8103-115D75334B6B}.Debug|x86.ActiveCfg = Debug|Any CPU
		{0CF36124-301B-4340-8103-115D75334B6B}.Debug|x86.Build.0 = Debug|Any CPU
		{0CF36124-301B-4340-8103-115D75334B6B}.Release|Any CPU.ActiveCfg = Release|Any CPU
		{0CF36124-301B-4340-8103-115D75334B6B}.Release|Any CPU.Build.0 = Release|Any CPU
		{0CF36124-301B-4340-8103-115D75334B6B}.Release|x64.ActiveCfg = Release|Any CPU
		{0CF36124-301B-4340-8103-115D75334B6B}.Release|x64.Build.0 = Release|Any CPU
		{0CF36124-301B-4340-8103-115D75334B6B}.Release|x86.ActiveCfg = Release|Any CPU
		{0CF36124-301B-4340-8103-115D75334B6B}.Release|x86.Build.0 = Release|Any CPU
	EndGlobalSection
EndGlobal
